
Microsoft Visual Studio Solution File, Format Version 12.00
# Visual Studio Version 17
VisualStudioVersion = 17.7.34024.191
MinimumVisualStudioVersion = 10.0.40219.1
Project("{9A19103F-16F7-4668-BE54-9A1E7A4F7556}") = "CRUD_ASP_NET_MS-SQL", "CRUD_ASP_NET_MS-SQL\CRUD_ASP_NET_MS-SQL.csproj", "{3B486927-869F-4709-92E1-7085D25F3EBA}"
EndProject
Global
	GlobalSection(SolutionConfigurationPlatforms) = preSolution
		Debug|Any CPU = Debug|Any CPU
		Release|Any CPU = Release|Any CPU
	EndGlobalSection
	GlobalSection(ProjectConfigurationPlatforms) = postSolution
		{3B486927-869F-4709-92E1-7085D25F3EBA}.Debug|Any CPU.ActiveCfg = Debug|Any CPU
		{3B486927-869F-4709-92E1-7085D25F3EBA}.Debug|Any CPU.Build.0 = Debug|Any CPU
		{3B486927-869F-4709-92E1-7085D25F3EBA}.Release|Any CPU.ActiveCfg = Release|Any CPU
		{3B486927-869F-4709-92E1-7085D25F3EBA}.Release|Any CPU.Build.0 = Release|Any CPU
	EndGlobalSection
	GlobalSection(SolutionProperties) = preSolution
		HideSolutionNode = FALSE
	EndGlobalSection
	GlobalSection(ExtensibilityGlobals) = postSolution
		SolutionGuid = {F7F00F05-4510-40D1-9C08-6871A7F1299A}
	EndGlobalSection
EndGlobal
